
Microsoft Visual Studio Solution File, Format Version 12.00
# Visual Studio 2013
VisualStudioVersion = 12.0.21005.1
MinimumVisualStudioVersion = 10.0.40219.1
Project("{FAE04EC0-301F-11D3-BF4B-00C04F79EFBC}") = "ListaEncadeada", "ListaEncadeada\ListaEncadeada.csproj", "{163F8F4D-48DD-43B6-84DD-C3FEEA9D301D}"
EndProject
Global
	GlobalSection(SolutionConfigurationPlatforms) = preSolution
		Debug|Any CPU = Debug|Any CPU
		Release|Any CPU = Release|Any CPU
	EndGlobalSection
	GlobalSection(ProjectConfigurationPlatforms) = postSolution
		{163F8F4D-48DD-43B6-84DD-C3FEEA9D301D}.Debug|Any CPU.ActiveCfg = Debug|Any CPU
		{163F8F4D-48DD-43B6-84DD-C3FEEA9D301D}.Debug|Any CPU.Build.0 = Debug|Any CPU
		{163F8F4D-48DD-43B6-84DD-C3FEEA9D301D}.Release|Any CPU.ActiveCfg = Release|Any CPU
		{163F8F4D-48DD-43B6-84DD-C3FEEA9D301D}.Release|Any CPU.Build.0 = Release|Any CPU
	EndGlobalSection
	GlobalSection(SolutionProperties) = preSolution
		HideSolutionNode = FALSE
	EndGlobalSection
EndGlobal
